// !$*UTF8*$!
{
	archiveVersion = 1;
	classes = {
	};
	objectVersion = 48;
	objects = {

/* Begin PBXBuildFile section */
		AE03DB301EEACD2A0057D5DE /* OpenFilesTableView.swift in Sources */ = {isa = PBXBuildFile; fileRef = AE03DB2F1EEACD2A0057D5DE /* OpenFilesTableView.swift */; };
		AE03DB321EEAD94D0057D5DE /* OpenFilesRowView.swift in Sources */ = {isa = PBXBuildFile; fileRef = AE03DB311EEAD94D0057D5DE /* OpenFilesRowView.swift */; };
		AE03DB341EEADC2D0057D5DE /* OpenFilesCellView.swift in Sources */ = {isa = PBXBuildFile; fileRef = AE03DB331EEADC2D0057D5DE /* OpenFilesCellView.swift */; };
		AE29D6921EE18B6600114EFD /* Extensions.swift in Sources */ = {isa = PBXBuildFile; fileRef = AE29D6911EE18B6600114EFD /* Extensions.swift */; };
		AE2CC2001EE15D740093610E /* Shared.swift in Sources */ = {isa = PBXBuildFile; fileRef = AE2CC1FF1EE15D740093610E /* Shared.swift */; };
		AE5D18DA1EDCADC700A1505E /* ProjectView.swift in Sources */ = {isa = PBXBuildFile; fileRef = AE5D18D91EDCADC700A1505E /* ProjectView.swift */; };
		AEA96D0E1EDFFC7800D1C674 /* GoTool.swift in Sources */ = {isa = PBXBuildFile; fileRef = AEA96D0D1EDFFC7800D1C674 /* GoTool.swift */; };
		AEA96D3E1EE000A700D1C674 /* libsqlite3.tbd in Frameworks */ = {isa = PBXBuildFile; fileRef = AEA96D3D1EE000A700D1C674 /* libsqlite3.tbd */; };
		AEA96D471EE0A32800D1C674 /* WindowViewController.swift in Sources */ = {isa = PBXBuildFile; fileRef = AEA96D461EE0A32800D1C674 /* WindowViewController.swift */; };
		AEAA524C1EEAB55E005AC733 /* MainPackageView.swift in Sources */ = {isa = PBXBuildFile; fileRef = AEAA524B1EEAB55E005AC733 /* MainPackageView.swift */; };
		AEAA524E1EEAB577005AC733 /* OpenFilesView.swift in Sources */ = {isa = PBXBuildFile; fileRef = AEAA524D1EEAB577005AC733 /* OpenFilesView.swift */; };
		AEB9BDE81E9A406A0094920B /* AppDelegate.swift in Sources */ = {isa = PBXBuildFile; fileRef = AEB9BDE71E9A406A0094920B /* AppDelegate.swift */; };
		AEB9BDEA1E9A406A0094920B /* Assets.xcassets in Resources */ = {isa = PBXBuildFile; fileRef = AEB9BDE91E9A406A0094920B /* Assets.xcassets */; };
		AEB9BDED1E9A406A0094920B /* MainMenu.xib in Resources */ = {isa = PBXBuildFile; fileRef = AEB9BDEB1E9A406A0094920B /* MainMenu.xib */; };
		AEB9BDF81E9A406A0094920B /* GoEditorTests.swift in Sources */ = {isa = PBXBuildFile; fileRef = AEB9BDF71E9A406A0094920B /* GoEditorTests.swift */; };
		AEB9BE031E9A406A0094920B /* GoEditorUITests.swift in Sources */ = {isa = PBXBuildFile; fileRef = AEB9BE021E9A406A0094920B /* GoEditorUITests.swift */; };
		AEC31F231EDC625000C8A3CB /* LineNumberRulerView.swift in Sources */ = {isa = PBXBuildFile; fileRef = AEC31F221EDC625000C8A3CB /* LineNumberRulerView.swift */; };
		AEC31F251EDC659000C8A3CB /* MainSplitView.swift in Sources */ = {isa = PBXBuildFile; fileRef = AEC31F241EDC659000C8A3CB /* MainSplitView.swift */; };
		AEC31F271EDC65A500C8A3CB /* EditorSplitView.swift in Sources */ = {isa = PBXBuildFile; fileRef = AEC31F261EDC65A500C8A3CB /* EditorSplitView.swift */; };
		AEC31F291EDC674100C8A3CB /* EditorView.swift in Sources */ = {isa = PBXBuildFile; fileRef = AEC31F281EDC674100C8A3CB /* EditorView.swift */; };
		AEC31F2B1EDC676300C8A3CB /* ConsoleView.swift in Sources */ = {isa = PBXBuildFile; fileRef = AEC31F2A1EDC676300C8A3CB /* ConsoleView.swift */; };
		AEC31F2E1EDC6FC400C8A3CB /* Event.swift in Sources */ = {isa = PBXBuildFile; fileRef = AEC31F2C1EDC6FC400C8A3CB /* Event.swift */; };
		AEC31F2F1EDC6FC400C8A3CB /* EventObserver.swift in Sources */ = {isa = PBXBuildFile; fileRef = AEC31F2D1EDC6FC400C8A3CB /* EventObserver.swift */; };
/* End PBXBuildFile section */

/* Begin PBXContainerItemProxy section */
		AEB9BDF41E9A406A0094920B /* PBXContainerItemProxy */ = {
			isa = PBXContainerItemProxy;
			containerPortal = AEB9BDDC1E9A40690094920B /* Project object */;
			proxyType = 1;
			remoteGlobalIDString = AEB9BDE31E9A40690094920B;
			remoteInfo = GoEditor;
		};
		AEB9BDFF1E9A406A0094920B /* PBXContainerItemProxy */ = {
			isa = PBXContainerItemProxy;
			containerPortal = AEB9BDDC1E9A40690094920B /* Project object */;
			proxyType = 1;
			remoteGlobalIDString = AEB9BDE31E9A40690094920B;
			remoteInfo = GoEditor;
		};
/* End PBXContainerItemProxy section */

/* Begin PBXFileReference section */
		AE03DB2F1EEACD2A0057D5DE /* OpenFilesTableView.swift */ = {isa = PBXFileReference; lastKnownFileType = sourcecode.swift; path = OpenFilesTableView.swift; sourceTree = "<group>"; };
		AE03DB311EEAD94D0057D5DE /* OpenFilesRowView.swift */ = {isa = PBXFileReference; lastKnownFileType = sourcecode.swift; path = OpenFilesRowView.swift; sourceTree = "<group>"; };
		AE03DB331EEADC2D0057D5DE /* OpenFilesCellView.swift */ = {isa = PBXFileReference; lastKnownFileType = sourcecode.swift; path = OpenFilesCellView.swift; sourceTree = "<group>"; };
		AE29D6911EE18B6600114EFD /* Extensions.swift */ = {isa = PBXFileReference; fileEncoding = 4; lastKnownFileType = sourcecode.swift; path = Extensions.swift; sourceTree = "<group>"; };
		AE2CC1FF1EE15D740093610E /* Shared.swift */ = {isa = PBXFileReference; fileEncoding = 4; lastKnownFileType = sourcecode.swift; path = Shared.swift; sourceTree = "<group>"; };
		AE5D18D91EDCADC700A1505E /* ProjectView.swift */ = {isa = PBXFileReference; fileEncoding = 4; lastKnownFileType = sourcecode.swift; path = ProjectView.swift; sourceTree = "<group>"; };
		AEA96D0D1EDFFC7800D1C674 /* GoTool.swift */ = {isa = PBXFileReference; fileEncoding = 4; lastKnownFileType = sourcecode.swift; path = GoTool.swift; sourceTree = "<group>"; };
		AEA96D3D1EE000A700D1C674 /* libsqlite3.tbd */ = {isa = PBXFileReference; lastKnownFileType = "sourcecode.text-based-dylib-definition"; name = libsqlite3.tbd; path = usr/lib/libsqlite3.tbd; sourceTree = SDKROOT; };
		AEA96D461EE0A32800D1C674 /* WindowViewController.swift */ = {isa = PBXFileReference; fileEncoding = 4; lastKnownFileType = sourcecode.swift; path = WindowViewController.swift; sourceTree = "<group>"; };
		AEAA524B1EEAB55E005AC733 /* MainPackageView.swift */ = {isa = PBXFileReference; lastKnownFileType = sourcecode.swift; path = MainPackageView.swift; sourceTree = "<group>"; };
		AEAA524D1EEAB577005AC733 /* OpenFilesView.swift */ = {isa = PBXFileReference; lastKnownFileType = sourcecode.swift; path = OpenFilesView.swift; sourceTree = "<group>"; };
		AEB9BDE41E9A406A0094920B /* GoEditor.app */ = {isa = PBXFileReference; explicitFileType = wrapper.application; includeInIndex = 0; path = GoEditor.app; sourceTree = BUILT_PRODUCTS_DIR; };
		AEB9BDE71E9A406A0094920B /* AppDelegate.swift */ = {isa = PBXFileReference; lastKnownFileType = sourcecode.swift; path = AppDelegate.swift; sourceTree = "<group>"; };
		AEB9BDE91E9A406A0094920B /* Assets.xcassets */ = {isa = PBXFileReference; lastKnownFileType = folder.assetcatalog; path = Assets.xcassets; sourceTree = "<group>"; };
		AEB9BDEC1E9A406A0094920B /* Base */ = {isa = PBXFileReference; lastKnownFileType = file.xib; name = Base; path = Base.lproj/MainMenu.xib; sourceTree = "<group>"; };
		AEB9BDEE1E9A406A0094920B /* Info.plist */ = {isa = PBXFileReference; lastKnownFileType = text.plist.xml; path = Info.plist; sourceTree = "<group>"; };
		AEB9BDF31E9A406A0094920B /* GoEditorTests.xctest */ = {isa = PBXFileReference; explicitFileType = wrapper.cfbundle; includeInIndex = 0; path = GoEditorTests.xctest; sourceTree = BUILT_PRODUCTS_DIR; };
		AEB9BDF71E9A406A0094920B /* GoEditorTests.swift */ = {isa = PBXFileReference; lastKnownFileType = sourcecode.swift; path = GoEditorTests.swift; sourceTree = "<group>"; };
		AEB9BDF91E9A406A0094920B /* Info.plist */ = {isa = PBXFileReference; lastKnownFileType = text.plist.xml; path = Info.plist; sourceTree = "<group>"; };
		AEB9BDFE1E9A406A0094920B /* GoEditorUITests.xctest */ = {isa = PBXFileReference; explicitFileType = wrapper.cfbundle; includeInIndex = 0; path = GoEditorUITests.xctest; sourceTree = BUILT_PRODUCTS_DIR; };
		AEB9BE021E9A406A0094920B /* GoEditorUITests.swift */ = {isa = PBXFileReference; lastKnownFileType = sourcecode.swift; path = GoEditorUITests.swift; sourceTree = "<group>"; };
		AEB9BE041E9A406A0094920B /* Info.plist */ = {isa = PBXFileReference; lastKnownFileType = text.plist.xml; path = Info.plist; sourceTree = "<group>"; };
		AEC31F221EDC625000C8A3CB /* LineNumberRulerView.swift */ = {isa = PBXFileReference; fileEncoding = 4; lastKnownFileType = sourcecode.swift; path = LineNumberRulerView.swift; sourceTree = "<group>"; };
		AEC31F241EDC659000C8A3CB /* MainSplitView.swift */ = {isa = PBXFileReference; fileEncoding = 4; lastKnownFileType = sourcecode.swift; path = MainSplitView.swift; sourceTree = "<group>"; };
		AEC31F261EDC65A500C8A3CB /* EditorSplitView.swift */ = {isa = PBXFileReference; fileEncoding = 4; lastKnownFileType = sourcecode.swift; path = EditorSplitView.swift; sourceTree = "<group>"; };
		AEC31F281EDC674100C8A3CB /* EditorView.swift */ = {isa = PBXFileReference; fileEncoding = 4; lastKnownFileType = sourcecode.swift; path = EditorView.swift; sourceTree = "<group>"; };
		AEC31F2A1EDC676300C8A3CB /* ConsoleView.swift */ = {isa = PBXFileReference; fileEncoding = 4; lastKnownFileType = sourcecode.swift; path = ConsoleView.swift; sourceTree = "<group>"; };
		AEC31F2C1EDC6FC400C8A3CB /* Event.swift */ = {isa = PBXFileReference; fileEncoding = 4; lastKnownFileType = sourcecode.swift; path = Event.swift; sourceTree = "<group>"; };
		AEC31F2D1EDC6FC400C8A3CB /* EventObserver.swift */ = {isa = PBXFileReference; fileEncoding = 4; lastKnownFileType = sourcecode.swift; path = EventObserver.swift; sourceTree = "<group>"; };
/* End PBXFileReference section */

/* Begin PBXFrameworksBuildPhase section */
		AEB9BDE11E9A40690094920B /* Frameworks */ = {
			isa = PBXFrameworksBuildPhase;
			buildActionMask = 2147483647;
			files = (
				AEA96D3E1EE000A700D1C674 /* libsqlite3.tbd in Frameworks */,
			);
			runOnlyForDeploymentPostprocessing = 0;
		};
		AEB9BDF01E9A406A0094920B /* Frameworks */ = {
			isa = PBXFrameworksBuildPhase;
			buildActionMask = 2147483647;
			files = (
			);
			runOnlyForDeploymentPostprocessing = 0;
		};
		AEB9BDFB1E9A406A0094920B /* Frameworks */ = {
			isa = PBXFrameworksBuildPhase;
			buildActionMask = 2147483647;
			files = (
			);
			runOnlyForDeploymentPostprocessing = 0;
		};
/* End PBXFrameworksBuildPhase section */

/* Begin PBXGroup section */
		AEA96D3C1EE000A700D1C674 /* Frameworks */ = {
			isa = PBXGroup;
			children = (
				AEA96D3D1EE000A700D1C674 /* libsqlite3.tbd */,
			);
			name = Frameworks;
			sourceTree = "<group>";
		};
		AEAA524A1EEA9B4E005AC733 /* Project Side Views */ = {
			isa = PBXGroup;
			children = (
				AE5D18D91EDCADC700A1505E /* ProjectView.swift */,
				AEAA524B1EEAB55E005AC733 /* MainPackageView.swift */,
				AEAA524D1EEAB577005AC733 /* OpenFilesView.swift */,
				AE03DB2F1EEACD2A0057D5DE /* OpenFilesTableView.swift */,
				AE03DB311EEAD94D0057D5DE /* OpenFilesRowView.swift */,
				AE03DB331EEADC2D0057D5DE /* OpenFilesCellView.swift */,
			);
			name = "Project Side Views";
			sourceTree = "<group>";
		};
		AEB9BDDB1E9A40690094920B = {
			isa = PBXGroup;
			children = (
				AEB9BDE61E9A406A0094920B /* GoEditor */,
				AEB9BDF61E9A406A0094920B /* GoEditorTests */,
				AEB9BE011E9A406A0094920B /* GoEditorUITests */,
				AEB9BDE51E9A406A0094920B /* Products */,
				AEA96D3C1EE000A700D1C674 /* Frameworks */,
			);
			sourceTree = "<group>";
		};
		AEB9BDE51E9A406A0094920B /* Products */ = {
			isa = PBXGroup;
			children = (
				AEB9BDE41E9A406A0094920B /* GoEditor.app */,
				AEB9BDF31E9A406A0094920B /* GoEditorTests.xctest */,
				AEB9BDFE1E9A406A0094920B /* GoEditorUITests.xctest */,
			);
			name = Products;
			sourceTree = "<group>";
		};
		AEB9BDE61E9A406A0094920B /* GoEditor */ = {
			isa = PBXGroup;
			children = (
				AEB9BDE71E9A406A0094920B /* AppDelegate.swift */,
				AEA96D461EE0A32800D1C674 /* WindowViewController.swift */,
				AEC31F241EDC659000C8A3CB /* MainSplitView.swift */,
				AEC31F261EDC65A500C8A3CB /* EditorSplitView.swift */,
				AEC31F221EDC625000C8A3CB /* LineNumberRulerView.swift */,
				AEC31F281EDC674100C8A3CB /* EditorView.swift */,
				AEC31F2A1EDC676300C8A3CB /* ConsoleView.swift */,
				AEAA524A1EEA9B4E005AC733 /* Project Side Views */,
				AEC31F2C1EDC6FC400C8A3CB /* Event.swift */,
				AEC31F2D1EDC6FC400C8A3CB /* EventObserver.swift */,
				AEA96D0D1EDFFC7800D1C674 /* GoTool.swift */,
				AE2CC1FF1EE15D740093610E /* Shared.swift */,
				AE29D6911EE18B6600114EFD /* Extensions.swift */,
				AEB9BDE91E9A406A0094920B /* Assets.xcassets */,
				AEB9BDEB1E9A406A0094920B /* MainMenu.xib */,
				AEB9BDEE1E9A406A0094920B /* Info.plist */,
			);
			path = GoEditor;
			sourceTree = "<group>";
		};
		AEB9BDF61E9A406A0094920B /* GoEditorTests */ = {
			isa = PBXGroup;
			children = (
				AEB9BDF71E9A406A0094920B /* GoEditorTests.swift */,
				AEB9BDF91E9A406A0094920B /* Info.plist */,
			);
			path = GoEditorTests;
			sourceTree = "<group>";
		};
		AEB9BE011E9A406A0094920B /* GoEditorUITests */ = {
			isa = PBXGroup;
			children = (
				AEB9BE021E9A406A0094920B /* GoEditorUITests.swift */,
				AEB9BE041E9A406A0094920B /* Info.plist */,
			);
			path = GoEditorUITests;
			sourceTree = "<group>";
		};
/* End PBXGroup section */

/* Begin PBXNativeTarget section */
		AEB9BDE31E9A40690094920B /* GoEditor */ = {
			isa = PBXNativeTarget;
			buildConfigurationList = AEB9BE071E9A406A0094920B /* Build configuration list for PBXNativeTarget "GoEditor" */;
			buildPhases = (
				AEB9BDE01E9A40690094920B /* Sources */,
				AEB9BDE11E9A40690094920B /* Frameworks */,
				AEB9BDE21E9A40690094920B /* Resources */,
			);
			buildRules = (
			);
			dependencies = (
			);
			name = GoEditor;
			productName = GoEditor;
			productReference = AEB9BDE41E9A406A0094920B /* GoEditor.app */;
			productType = "com.apple.product-type.application";
		};
		AEB9BDF21E9A406A0094920B /* GoEditorTests */ = {
			isa = PBXNativeTarget;
			buildConfigurationList = AEB9BE0A1E9A406A0094920B /* Build configuration list for PBXNativeTarget "GoEditorTests" */;
			buildPhases = (
				AEB9BDEF1E9A406A0094920B /* Sources */,
				AEB9BDF01E9A406A0094920B /* Frameworks */,
				AEB9BDF11E9A406A0094920B /* Resources */,
			);
			buildRules = (
			);
			dependencies = (
				AEB9BDF51E9A406A0094920B /* PBXTargetDependency */,
			);
			name = GoEditorTests;
			productName = GoEditorTests;
			productReference = AEB9BDF31E9A406A0094920B /* GoEditorTests.xctest */;
			productType = "com.apple.product-type.bundle.unit-test";
		};
		AEB9BDFD1E9A406A0094920B /* GoEditorUITests */ = {
			isa = PBXNativeTarget;
			buildConfigurationList = AEB9BE0D1E9A406A0094920B /* Build configuration list for PBXNativeTarget "GoEditorUITests" */;
			buildPhases = (
				AEB9BDFA1E9A406A0094920B /* Sources */,
				AEB9BDFB1E9A406A0094920B /* Frameworks */,
				AEB9BDFC1E9A406A0094920B /* Resources */,
			);
			buildRules = (
			);
			dependencies = (
				AEB9BE001E9A406A0094920B /* PBXTargetDependency */,
			);
			name = GoEditorUITests;
			productName = GoEditorUITests;
			productReference = AEB9BDFE1E9A406A0094920B /* GoEditorUITests.xctest */;
			productType = "com.apple.product-type.bundle.ui-testing";
		};
/* End PBXNativeTarget section */

/* Begin PBXProject section */
		AEB9BDDC1E9A40690094920B /* Project object */ = {
			isa = PBXProject;
			attributes = {
				LastSwiftUpdateCheck = 0820;
				LastUpgradeCheck = 0900;
				ORGANIZATIONNAME = "Piotr Pszczolkowski";
				TargetAttributes = {
					AEB9BDE31E9A40690094920B = {
						CreatedOnToolsVersion = 8.2.1;
						DevelopmentTeam = M77YJ37V8H;
						LastSwiftMigration = 0900;
						ProvisioningStyle = Automatic;
					};
					AEB9BDF21E9A406A0094920B = {
						CreatedOnToolsVersion = 8.2.1;
						DevelopmentTeam = M77YJ37V8H;
						LastSwiftMigration = 0900;
						ProvisioningStyle = Automatic;
						TestTargetID = AEB9BDE31E9A40690094920B;
					};
					AEB9BDFD1E9A406A0094920B = {
						CreatedOnToolsVersion = 8.2.1;
						DevelopmentTeam = M77YJ37V8H;
						LastSwiftMigration = 0900;
						ProvisioningStyle = Automatic;
						TestTargetID = AEB9BDE31E9A40690094920B;
					};
				};
			};
			buildConfigurationList = AEB9BDDF1E9A40690094920B /* Build configuration list for PBXProject "GoEditor" */;
			compatibilityVersion = "Xcode 8.0";
			developmentRegion = English;
			hasScannedForEncodings = 0;
			knownRegions = (
				en,
				Base,
			);
			mainGroup = AEB9BDDB1E9A40690094920B;
			productRefGroup = AEB9BDE51E9A406A0094920B /* Products */;
			projectDirPath = "";
			projectRoot = "";
			targets = (
				AEB9BDE31E9A40690094920B /* GoEditor */,
				AEB9BDF21E9A406A0094920B /* GoEditorTests */,
				AEB9BDFD1E9A406A0094920B /* GoEditorUITests */,
			);
		};
/* End PBXProject section */

/* Begin PBXResourcesBuildPhase section */
		AEB9BDE21E9A40690094920B /* Resources */ = {
			isa = PBXResourcesBuildPhase;
			buildActionMask = 2147483647;
			files = (
				AEB9BDEA1E9A406A0094920B /* Assets.xcassets in Resources */,
				AEB9BDED1E9A406A0094920B /* MainMenu.xib in Resources */,
			);
			runOnlyForDeploymentPostprocessing = 0;
		};
		AEB9BDF11E9A406A0094920B /* Resources */ = {
			isa = PBXResourcesBuildPhase;
			buildActionMask = 2147483647;
			files = (
			);
			runOnlyForDeploymentPostprocessing = 0;
		};
		AEB9BDFC1E9A406A0094920B /* Resources */ = {
			isa = PBXResourcesBuildPhase;
			buildActionMask = 2147483647;
			files = (
			);
			runOnlyForDeploymentPostprocessing = 0;
		};
/* End PBXResourcesBuildPhase section */

/* Begin PBXSourcesBuildPhase section */
		AEB9BDE01E9A40690094920B /* Sources */ = {
			isa = PBXSourcesBuildPhase;
			buildActionMask = 2147483647;
			files = (
				AEA96D0E1EDFFC7800D1C674 /* GoTool.swift in Sources */,
				AEC31F2F1EDC6FC400C8A3CB /* EventObserver.swift in Sources */,
				AEC31F231EDC625000C8A3CB /* LineNumberRulerView.swift in Sources */,
				AEB9BDE81E9A406A0094920B /* AppDelegate.swift in Sources */,
				AEC31F271EDC65A500C8A3CB /* EditorSplitView.swift in Sources */,
				AE03DB321EEAD94D0057D5DE /* OpenFilesRowView.swift in Sources */,
				AEC31F251EDC659000C8A3CB /* MainSplitView.swift in Sources */,
				AEAA524C1EEAB55E005AC733 /* MainPackageView.swift in Sources */,
				AEA96D471EE0A32800D1C674 /* WindowViewController.swift in Sources */,
				AEC31F2B1EDC676300C8A3CB /* ConsoleView.swift in Sources */,
				AE29D6921EE18B6600114EFD /* Extensions.swift in Sources */,
				AEAA524E1EEAB577005AC733 /* OpenFilesView.swift in Sources */,
				AE03DB301EEACD2A0057D5DE /* OpenFilesTableView.swift in Sources */,
				AE2CC2001EE15D740093610E /* Shared.swift in Sources */,
				AE03DB341EEADC2D0057D5DE /* OpenFilesCellView.swift in Sources */,
				AE5D18DA1EDCADC700A1505E /* ProjectView.swift in Sources */,
				AEC31F2E1EDC6FC400C8A3CB /* Event.swift in Sources */,
				AEC31F291EDC674100C8A3CB /* EditorView.swift in Sources */,
			);
			runOnlyForDeploymentPostprocessing = 0;
		};
		AEB9BDEF1E9A406A0094920B /* Sources */ = {
			isa = PBXSourcesBuildPhase;
			buildActionMask = 2147483647;
			files = (
				AEB9BDF81E9A406A0094920B /* GoEditorTests.swift in Sources */,
			);
			runOnlyForDeploymentPostprocessing = 0;
		};
		AEB9BDFA1E9A406A0094920B /* Sources */ = {
			isa = PBXSourcesBuildPhase;
			buildActionMask = 2147483647;
			files = (
				AEB9BE031E9A406A0094920B /* GoEditorUITests.swift in Sources */,
			);
			runOnlyForDeploymentPostprocessing = 0;
		};
/* End PBXSourcesBuildPhase section */

/* Begin PBXTargetDependency section */
		AEB9BDF51E9A406A0094920B /* PBXTargetDependency */ = {
			isa = PBXTargetDependency;
			target = AEB9BDE31E9A40690094920B /* GoEditor */;
			targetProxy = AEB9BDF41E9A406A0094920B /* PBXContainerItemProxy */;
		};
		AEB9BE001E9A406A0094920B /* PBXTargetDependency */ = {
			isa = PBXTargetDependency;
			target = AEB9BDE31E9A40690094920B /* GoEditor */;
			targetProxy = AEB9BDFF1E9A406A0094920B /* PBXContainerItemProxy */;
		};
/* End PBXTargetDependency section */

/* Begin PBXVariantGroup section */
		AEB9BDEB1E9A406A0094920B /* MainMenu.xib */ = {
			isa = PBXVariantGroup;
			children = (
				AEB9BDEC1E9A406A0094920B /* Base */,
			);
			name = MainMenu.xib;
			sourceTree = "<group>";
		};
/* End PBXVariantGroup section */

/* Begin XCBuildConfiguration section */
		AEB9BE051E9A406A0094920B /* Debug */ = {
			isa = XCBuildConfiguration;
			buildSettings = {
				ALWAYS_SEARCH_USER_PATHS = NO;
				CLANG_ANALYZER_NONNULL = YES;
				CLANG_CXX_LANGUAGE_STANDARD = "gnu++0x";
				CLANG_CXX_LIBRARY = "libc++";
				CLANG_ENABLE_MODULES = YES;
				CLANG_ENABLE_OBJC_ARC = YES;
				CLANG_WARN_BLOCK_CAPTURE_AUTORELEASING = YES;
				CLANG_WARN_BOOL_CONVERSION = YES;
				CLANG_WARN_COMMA = YES;
				CLANG_WARN_CONSTANT_CONVERSION = YES;
				CLANG_WARN_DIRECT_OBJC_ISA_USAGE = YES_ERROR;
				CLANG_WARN_DOCUMENTATION_COMMENTS = YES;
				CLANG_WARN_EMPTY_BODY = YES;
				CLANG_WARN_ENUM_CONVERSION = YES;
				CLANG_WARN_INFINITE_RECURSION = YES;
				CLANG_WARN_INT_CONVERSION = YES;
				CLANG_WARN_NON_LITERAL_NULL_CONVERSION = YES;
				CLANG_WARN_OBJC_LITERAL_CONVERSION = YES;
				CLANG_WARN_OBJC_ROOT_CLASS = YES_ERROR;
				CLANG_WARN_RANGE_LOOP_ANALYSIS = YES;
				CLANG_WARN_STRICT_PROTOTYPES = YES;
				CLANG_WARN_SUSPICIOUS_MOVE = YES;
				CLANG_WARN_UNREACHABLE_CODE = YES;
				CLANG_WARN__DUPLICATE_METHOD_MATCH = YES;
				CODE_SIGN_IDENTITY = "-";
				COPY_PHASE_STRIP = NO;
				DEBUG_INFORMATION_FORMAT = dwarf;
				ENABLE_STRICT_OBJC_MSGSEND = YES;
				ENABLE_TESTABILITY = YES;
				GCC_C_LANGUAGE_STANDARD = gnu99;
				GCC_DYNAMIC_NO_PIC = NO;
				GCC_NO_COMMON_BLOCKS = YES;
				GCC_OPTIMIZATION_LEVEL = 0;
				GCC_PREPROCESSOR_DEFINITIONS = (
					"DEBUG=1",
					"$(inherited)",
				);
				GCC_WARN_64_TO_32_BIT_CONVERSION = YES;
				GCC_WARN_ABOUT_RETURN_TYPE = YES_ERROR;
				GCC_WARN_UNDECLARED_SELECTOR = YES;
				GCC_WARN_UNINITIALIZED_AUTOS = YES_AGGRESSIVE;
				GCC_WARN_UNUSED_FUNCTION = YES;
				GCC_WARN_UNUSED_VARIABLE = YES;
				MACOSX_DEPLOYMENT_TARGET = 10.12;
				MTL_ENABLE_DEBUG_INFO = YES;
				ONLY_ACTIVE_ARCH = YES;
				OTHER_SWIFT_FLAGS = "-DBASE_EXTENSION";
				SDKROOT = macosx;
				SWIFT_ACTIVE_COMPILATION_CONDITIONS = DEBUG;
				SWIFT_OPTIMIZATION_LEVEL = "-Onone";
			};
			name = Debug;
		};
		AEB9BE061E9A406A0094920B /* Release */ = {
			isa = XCBuildConfiguration;
			buildSettings = {
				ALWAYS_SEARCH_USER_PATHS = NO;
				CLANG_ANALYZER_NONNULL = YES;
				CLANG_CXX_LANGUAGE_STANDARD = "gnu++0x";
				CLANG_CXX_LIBRARY = "libc++";
				CLANG_ENABLE_MODULES = YES;
				CLANG_ENABLE_OBJC_ARC = YES;
				CLANG_WARN_BLOCK_CAPTURE_AUTORELEASING = YES;
				CLANG_WARN_BOOL_CONVERSION = YES;
				CLANG_WARN_COMMA = YES;
				CLANG_WARN_CONSTANT_CONVERSION = YES;
				CLANG_WARN_DIRECT_OBJC_ISA_USAGE = YES_ERROR;
				CLANG_WARN_DOCUMENTATION_COMMENTS = YES;
				CLANG_WARN_EMPTY_BODY = YES;
				CLANG_WARN_ENUM_CONVERSION = YES;
				CLANG_WARN_INFINITE_RECURSION = YES;
				CLANG_WARN_INT_CONVERSION = YES;
				CLANG_WARN_NON_LITERAL_NULL_CONVERSION = YES;
				CLANG_WARN_OBJC_LITERAL_CONVERSION = YES;
				CLANG_WARN_OBJC_ROOT_CLASS = YES_ERROR;
				CLANG_WARN_RANGE_LOOP_ANALYSIS = YES;
				CLANG_WARN_STRICT_PROTOTYPES = YES;
				CLANG_WARN_SUSPICIOUS_MOVE = YES;
				CLANG_WARN_UNREACHABLE_CODE = YES;
				CLANG_WARN__DUPLICATE_METHOD_MATCH = YES;
				CODE_SIGN_IDENTITY = "-";
				COPY_PHASE_STRIP = NO;
				DEBUG_INFORMATION_FORMAT = "dwarf-with-dsym";
				ENABLE_NS_ASSERTIONS = NO;
				ENABLE_STRICT_OBJC_MSGSEND = YES;
				GCC_C_LANGUAGE_STANDARD = gnu99;
				GCC_NO_COMMON_BLOCKS = YES;
				GCC_WARN_64_TO_32_BIT_CONVERSION = YES;
				GCC_WARN_ABOUT_RETURN_TYPE = YES_ERROR;
				GCC_WARN_UNDECLARED_SELECTOR = YES;
				GCC_WARN_UNINITIALIZED_AUTOS = YES_AGGRESSIVE;
				GCC_WARN_UNUSED_FUNCTION = YES;
				GCC_WARN_UNUSED_VARIABLE = YES;
				MACOSX_DEPLOYMENT_TARGET = 10.12;
				MTL_ENABLE_DEBUG_INFO = NO;
				OTHER_SWIFT_FLAGS = "-DBASE_EXTENSION";
				SDKROOT = macosx;
				SWIFT_OPTIMIZATION_LEVEL = "-Owholemodule";
			};
			name = Release;
		};
		AEB9BE081E9A406A0094920B /* Debug */ = {
			isa = XCBuildConfiguration;
			buildSettings = {
				ASSETCATALOG_COMPILER_APPICON_NAME = AppIcon;
				COMBINE_HIDPI_IMAGES = YES;
				DEVELOPMENT_TEAM = M77YJ37V8H;
				INFOPLIST_FILE = GoEditor/Info.plist;
				LD_RUNPATH_SEARCH_PATHS = "$(inherited) @executable_path/../Frameworks";
				PRODUCT_BUNDLE_IDENTIFIER = "Mobile-Software-Lab.GoEditor";
				PRODUCT_NAME = "$(TARGET_NAME)";
				SWIFT_SWIFT3_OBJC_INFERENCE = On;
				SWIFT_VERSION = 4.0;
			};
			name = Debug;
		};
		AEB9BE091E9A406A0094920B /* Release */ = {
			isa = XCBuildConfiguration;
			buildSettings = {
				ASSETCATALOG_COMPILER_APPICON_NAME = AppIcon;
				COMBINE_HIDPI_IMAGES = YES;
				DEVELOPMENT_TEAM = M77YJ37V8H;
				INFOPLIST_FILE = GoEditor/Info.plist;
				LD_RUNPATH_SEARCH_PATHS = "$(inherited) @executable_path/../Frameworks";
				PRODUCT_BUNDLE_IDENTIFIER = "Mobile-Software-Lab.GoEditor";
				PRODUCT_NAME = "$(TARGET_NAME)";
				SWIFT_SWIFT3_OBJC_INFERENCE = On;
				SWIFT_VERSION = 4.0;
			};
			name = Release;
		};
		AEB9BE0B1E9A406A0094920B /* Debug */ = {
			isa = XCBuildConfiguration;
			buildSettings = {
				ALWAYS_EMBED_SWIFT_STANDARD_LIBRARIES = YES;
				BUNDLE_LOADER = "$(TEST_HOST)";
				COMBINE_HIDPI_IMAGES = YES;
				DEVELOPMENT_TEAM = M77YJ37V8H;
				INFOPLIST_FILE = GoEditorTests/Info.plist;
				LD_RUNPATH_SEARCH_PATHS = "$(inherited) @executable_path/../Frameworks @loader_path/../Frameworks";
				PRODUCT_BUNDLE_IDENTIFIER = "Mobile-Software-Lab.GoEditorTests";
				PRODUCT_NAME = "$(TARGET_NAME)";
				SWIFT_SWIFT3_OBJC_INFERENCE = On;
				SWIFT_VERSION = 4.0;
				TEST_HOST = "$(BUILT_PRODUCTS_DIR)/GoEditor.app/Contents/MacOS/GoEditor";
			};
			name = Debug;
		};
		AEB9BE0C1E9A406A0094920B /* Release */ = {
			isa = XCBuildConfiguration;
			buildSettings = {
				ALWAYS_EMBED_SWIFT_STANDARD_LIBRARIES = YES;
				BUNDLE_LOADER = "$(TEST_HOST)";
				COMBINE_HIDPI_IMAGES = YES;
				DEVELOPMENT_TEAM = M77YJ37V8H;
				INFOPLIST_FILE = GoEditorTests/Info.plist;
				LD_RUNPATH_SEARCH_PATHS = "$(inherited) @executable_path/../Frameworks @loader_path/../Frameworks";
				PRODUCT_BUNDLE_IDENTIFIER = "Mobile-Software-Lab.GoEditorTests";
				PRODUCT_NAME = "$(TARGET_NAME)";
				SWIFT_SWIFT3_OBJC_INFERENCE = On;
				SWIFT_VERSION = 4.0;
				TEST_HOST = "$(BUILT_PRODUCTS_DIR)/GoEditor.app/Contents/MacOS/GoEditor";
			};
			name = Release;
		};
		AEB9BE0E1E9A406A0094920B /* Debug */ = {
			isa = XCBuildConfiguration;
			buildSettings = {
				ALWAYS_EMBED_SWIFT_STANDARD_LIBRARIES = YES;
				COMBINE_HIDPI_IMAGES = YES;
				DEVELOPMENT_TEAM = M77YJ37V8H;
				INFOPLIST_FILE = GoEditorUITests/Info.plist;
				LD_RUNPATH_SEARCH_PATHS = "$(inherited) @executable_path/../Frameworks @loader_path/../Frameworks";
				PRODUCT_BUNDLE_IDENTIFIER = "Mobile-Software-Lab.GoEditorUITests";
				PRODUCT_NAME = "$(TARGET_NAME)";
				SWIFT_SWIFT3_OBJC_INFERENCE = On;
				SWIFT_VERSION = 4.0;
				TEST_TARGET_NAME = GoEditor;
			};
			name = Debug;
		};
		AEB9BE0F1E9A406A0094920B /* Release */ = {
			isa = XCBuildConfiguration;
			buildSettings = {
				ALWAYS_EMBED_SWIFT_STANDARD_LIBRARIES = YES;
				COMBINE_HIDPI_IMAGES = YES;
				DEVELOPMENT_TEAM = M77YJ37V8H;
				INFOPLIST_FILE = GoEditorUITests/Info.plist;
				LD_RUNPATH_SEARCH_PATHS = "$(inherited) @executable_path/../Frameworks @loader_path/../Frameworks";
				PRODUCT_BUNDLE_IDENTIFIER = "Mobile-Software-Lab.GoEditorUITests";
				PRODUCT_NAME = "$(TARGET_NAME)";
				SWIFT_SWIFT3_OBJC_INFERENCE = On;
				SWIFT_VERSION = 4.0;
				TEST_TARGET_NAME = GoEditor;
			};
			name = Release;
		};
/* End XCBuildConfiguration section */

/* Begin XCConfigurationList section */
		AEB9BDDF1E9A40690094920B /* Build configuration list for PBXProject "GoEditor" */ = {
			isa = XCConfigurationList;
			buildConfigurations = (
				AEB9BE051E9A406A0094920B /* Debug */,
				AEB9BE061E9A406A0094920B /* Release */,
			);
			defaultConfigurationIsVisible = 0;
			defaultConfigurationName = Release;
		};
		AEB9BE071E9A406A0094920B /* Build configuration list for PBXNativeTarget "GoEditor" */ = {
			isa = XCConfigurationList;
			buildConfigurations = (
				AEB9BE081E9A406A0094920B /* Debug */,
				AEB9BE091E9A406A0094920B /* Release */,
			);
			defaultConfigurationIsVisible = 0;
			defaultConfigurationName = Release;
		};
		AEB9BE0A1E9A406A0094920B /* Build configuration list for PBXNativeTarget "GoEditorTests" */ = {
			isa = XCConfigurationList;
			buildConfigurations = (
				AEB9BE0B1E9A406A0094920B /* Debug */,
				AEB9BE0C1E9A406A0094920B /* Release */,
			);
			defaultConfigurationIsVisible = 0;
			defaultConfigurationName = Release;
		};
		AEB9BE0D1E9A406A0094920B /* Build configuration list for PBXNativeTarget "GoEditorUITests" */ = {
			isa = XCConfigurationList;
			buildConfigurations = (
				AEB9BE0E1E9A406A0094920B /* Debug */,
				AEB9BE0F1E9A406A0094920B /* Release */,
			);
			defaultConfigurationIsVisible = 0;
			defaultConfigurationName = Release;
		};
/* End XCConfigurationList section */
	};
	rootObject = AEB9BDDC1E9A40690094920B /* Project object */;
}
